
Microsoft Visual Studio Solution File, Format Version 12.00
# Visual Studio 15
VisualStudioVersion = 15.0.28307.438
MinimumVisualStudioVersion = 10.0.40219.1
Project("{9A19103F-16F7-4668-BE54-9A1E7A4F7556}") = "final-project.WebUI", "final-project\final-project.WebUI.csproj", "{97C87AEC-D16B-43A0-9801-56499B865B91}"
EndProject
Project("{9A19103F-16F7-4668-BE54-9A1E7A4F7556}") = "final-project.Domain", "final-project.Models\final-project.Domain.csproj", "{6B43B6A0-F294-429D-B484-5983D892E988}"
EndProject
Project("{FAE04EC0-301F-11D3-BF4B-00C04F79EFBC}") = "final_project.Data", "final_project.Data\final_project.Data.csproj", "{DE5D921F-1D54-4467-B527-0FBA362504B3}"
EndProject
Global
	GlobalSection(SolutionConfigurationPlatforms) = preSolution
		Debug|Any CPU = Debug|Any CPU
		Release|Any CPU = Release|Any CPU
	EndGlobalSection
	GlobalSection(ProjectConfigurationPlatforms) = postSolution
		{97C87AEC-D16B-43A0-9801-56499B865B91}.Debug|Any CPU.ActiveCfg = Debug|Any CPU
		{97C87AEC-D16B-43A0-9801-56499B865B91}.Debug|Any CPU.Build.0 = Debug|Any CPU
		{97C87AEC-D16B-43A0-9801-56499B865B91}.Release|Any CPU.ActiveCfg = Release|Any CPU
		{97C87AEC-D16B-43A0-9801-56499B865B91}.Release|Any CPU.Build.0 = Release|Any CPU
		{6B43B6A0-F294-429D-B484-5983D892E988}.Debug|Any CPU.ActiveCfg = Debug|Any CPU
		{6B43B6A0-F294-429D-B484-5983D892E988}.Debug|Any CPU.Build.0 = Debug|Any CPU
		{6B43B6A0-F294-429D-B484-5983D892E988}.Release|Any CPU.ActiveCfg = Release|Any CPU
		{6B43B6A0-F294-429D-B484-5983D892E988}.Release|Any CPU.Build.0 = Release|Any CPU
		{DE5D921F-1D54-4467-B527-0FBA362504B3}.Debug|Any CPU.ActiveCfg = Debug|Any CPU
		{DE5D921F-1D54-4467-B527-0FBA362504B3}.Debug|Any CPU.Build.0 = Debug|Any CPU
		{DE5D921F-1D54-4467-B527-0FBA362504B3}.Release|Any CPU.ActiveCfg = Release|Any CPU
		{DE5D921F-1D54-4467-B527-0FBA362504B3}.Release|Any CPU.Build.0 = Release|Any CPU
	EndGlobalSection
	GlobalSection(SolutionProperties) = preSolution
		HideSolutionNode = FALSE
	EndGlobalSection
	GlobalSection(ExtensibilityGlobals) = postSolution
		SolutionGuid = {D01B59A9-542C-4F56-A60C-A5AC4DAA8E57}
	EndGlobalSection
EndGlobal
